
Microsoft Visual Studio Solution File, Format Version 12.00
# Visual Studio Version 17
VisualStudioVersion = 17.4.33110.190
MinimumVisualStudioVersion = 10.0.40219.1
Project("{9A19103F-16F7-4668-BE54-9A1E7A4F7556}") = "RaceMng.Web", "RaceMng.Web\RaceMng.Web.csproj", "{3474005D-F795-4B29-B2E2-593B9BB5A7F4}"
EndProject
Project("{9A19103F-16F7-4668-BE54-9A1E7A4F7556}") = "RaceMng.Services", "RaceMng.Services\RaceMng.Services.csproj", "{D14F337A-95B4-4326-8E9D-B87624E7C8FD}"
EndProject
Project("{9A19103F-16F7-4668-BE54-9A1E7A4F7556}") = "RaceMng.Database", "RaceMng.Database\RaceMng.Database.csproj", "{F403731D-9528-4538-AAE9-5F6074692C59}"
EndProject
Project("{00D1A9C2-B5F0-4AF3-8072-F6C62B433612}") = "RaceMng.DB", "RaceMng.DB\RaceMng.DB.sqlproj", "{A4171FAC-1B05-4085-B833-3E3482B8F114}"
EndProject
Project("{FAE04EC0-301F-11D3-BF4B-00C04F79EFBC}") = "RaceMng.Models", "RaceMng.Models\RaceMng.Models.csproj", "{DA8A4012-53B3-4335-ADAA-8D4CFAA6A0A9}"
EndProject
Global
	GlobalSection(SolutionConfigurationPlatforms) = preSolution
		Debug|Any CPU = Debug|Any CPU
		Release|Any CPU = Release|Any CPU
	EndGlobalSection
	GlobalSection(ProjectConfigurationPlatforms) = postSolution
		{3474005D-F795-4B29-B2E2-593B9BB5A7F4}.Debug|Any CPU.ActiveCfg = Debug|Any CPU
		{3474005D-F795-4B29-B2E2-593B9BB5A7F4}.Debug|Any CPU.Build.0 = Debug|Any CPU
		{3474005D-F795-4B29-B2E2-593B9BB5A7F4}.Release|Any CPU.ActiveCfg = Release|Any CPU
		{3474005D-F795-4B29-B2E2-593B9BB5A7F4}.Release|Any CPU.Build.0 = Release|Any CPU
		{A4171FAC-1B05-4085-B833-3E3482B8F114}.Debug|Any CPU.ActiveCfg = Debug|Any CPU
		{A4171FAC-1B05-4085-B833-3E3482B8F114}.Debug|Any CPU.Build.0 = Debug|Any CPU
		{A4171FAC-1B05-4085-B833-3E3482B8F114}.Debug|Any CPU.Deploy.0 = Debug|Any CPU
		{A4171FAC-1B05-4085-B833-3E3482B8F114}.Release|Any CPU.ActiveCfg = Release|Any CPU
		{A4171FAC-1B05-4085-B833-3E3482B8F114}.Release|Any CPU.Build.0 = Release|Any CPU
		{A4171FAC-1B05-4085-B833-3E3482B8F114}.Release|Any CPU.Deploy.0 = Release|Any CPU
		{D14F337A-95B4-4326-8E9D-B87624E7C8FD}.Debug|Any CPU.ActiveCfg = Debug|Any CPU
		{D14F337A-95B4-4326-8E9D-B87624E7C8FD}.Debug|Any CPU.Build.0 = Debug|Any CPU
		{D14F337A-95B4-4326-8E9D-B87624E7C8FD}.Release|Any CPU.ActiveCfg = Release|Any CPU
		{D14F337A-95B4-4326-8E9D-B87624E7C8FD}.Release|Any CPU.Build.0 = Release|Any CPU
		{F403731D-9528-4538-AAE9-5F6074692C59}.Debug|Any CPU.ActiveCfg = Debug|Any CPU
		{F403731D-9528-4538-AAE9-5F6074692C59}.Debug|Any CPU.Build.0 = Debug|Any CPU
		{F403731D-9528-4538-AAE9-5F6074692C59}.Release|Any CPU.ActiveCfg = Release|Any CPU
		{F403731D-9528-4538-AAE9-5F6074692C59}.Release|Any CPU.Build.0 = Release|Any CPU
		{DA8A4012-53B3-4335-ADAA-8D4CFAA6A0A9}.Debug|Any CPU.ActiveCfg = Debug|Any CPU
		{DA8A4012-53B3-4335-ADAA-8D4CFAA6A0A9}.Debug|Any CPU.Build.0 = Debug|Any CPU
		{DA8A4012-53B3-4335-ADAA-8D4CFAA6A0A9}.Release|Any CPU.ActiveCfg = Release|Any CPU
		{DA8A4012-53B3-4335-ADAA-8D4CFAA6A0A9}.Release|Any CPU.Build.0 = Release|Any CPU
	EndGlobalSection
	GlobalSection(SolutionProperties) = preSolution
		HideSolutionNode = FALSE
	EndGlobalSection
	GlobalSection(ExtensibilityGlobals) = postSolution
		SolutionGuid = {74975011-FA05-4DA7-9DE7-9A21A1A3F461}
	EndGlobalSection
EndGlobal
